
Microsoft Visual Studio Solution File, Format Version 12.00
# Visual Studio Version 17
VisualStudioVersion = 17.12.35506.116 d17.12
MinimumVisualStudioVersion = 10.0.40219.1
Project("{FAE04EC0-301F-11D3-BF4B-00C04F79EFBC}") = "VolunteerTrackingSystem", "VolunteerTrackingSystem\VolunteerTrackingSystem.csproj", "{13C218C2-601D-4F62-B65F-CA12B7FE72C0}"
	ProjectSection(ProjectDependencies) = postProject
		{613210EB-7D14-479F-907D-9CBA098977AA} = {613210EB-7D14-479F-907D-9CBA098977AA}
		{6F5B93B6-8E80-48C3-BC8E-F2C535C80A9A} = {6F5B93B6-8E80-48C3-BC8E-F2C535C80A9A}
		{8C7F0C00-ACD9-43D3-AC92-E4738D86D0F8} = {8C7F0C00-ACD9-43D3-AC92-E4738D86D0F8}
	EndProjectSection
EndProject
Project("{FAE04EC0-301F-11D3-BF4B-00C04F79EFBC}") = "EntitiesLayer", "EntitiesLayer\EntitiesLayer.csproj", "{8C7F0C00-ACD9-43D3-AC92-E4738D86D0F8}"
EndProject
Project("{FAE04EC0-301F-11D3-BF4B-00C04F79EFBC}") = "BusinessLayer", "BusinessLayer\BusinessLayer.csproj", "{613210EB-7D14-479F-907D-9CBA098977AA}"
	ProjectSection(ProjectDependencies) = postProject
		{6F5B93B6-8E80-48C3-BC8E-F2C535C80A9A} = {6F5B93B6-8E80-48C3-BC8E-F2C535C80A9A}
		{8C7F0C00-ACD9-43D3-AC92-E4738D86D0F8} = {8C7F0C00-ACD9-43D3-AC92-E4738D86D0F8}
	EndProjectSection
EndProject
Project("{FAE04EC0-301F-11D3-BF4B-00C04F79EFBC}") = "DataAccessLayer", "DataAccessLayer\DataAccessLayer.csproj", "{6F5B93B6-8E80-48C3-BC8E-F2C535C80A9A}"
	ProjectSection(ProjectDependencies) = postProject
		{8C7F0C00-ACD9-43D3-AC92-E4738D86D0F8} = {8C7F0C00-ACD9-43D3-AC92-E4738D86D0F8}
	EndProjectSection
EndProject
Global
	GlobalSection(SolutionConfigurationPlatforms) = preSolution
		Debug|Any CPU = Debug|Any CPU
		Release|Any CPU = Release|Any CPU
	EndGlobalSection
	GlobalSection(ProjectConfigurationPlatforms) = postSolution
		{13C218C2-601D-4F62-B65F-CA12B7FE72C0}.Debug|Any CPU.ActiveCfg = Debug|Any CPU
		{13C218C2-601D-4F62-B65F-CA12B7FE72C0}.Debug|Any CPU.Build.0 = Debug|Any CPU
		{13C218C2-601D-4F62-B65F-CA12B7FE72C0}.Release|Any CPU.ActiveCfg = Release|Any CPU
		{13C218C2-601D-4F62-B65F-CA12B7FE72C0}.Release|Any CPU.Build.0 = Release|Any CPU
		{8C7F0C00-ACD9-43D3-AC92-E4738D86D0F8}.Debug|Any CPU.ActiveCfg = Debug|Any CPU
		{8C7F0C00-ACD9-43D3-AC92-E4738D86D0F8}.Debug|Any CPU.Build.0 = Debug|Any CPU
		{8C7F0C00-ACD9-43D3-AC92-E4738D86D0F8}.Release|Any CPU.ActiveCfg = Release|Any CPU
		{8C7F0C00-ACD9-43D3-AC92-E4738D86D0F8}.Release|Any CPU.Build.0 = Release|Any CPU
		{613210EB-7D14-479F-907D-9CBA098977AA}.Debug|Any CPU.ActiveCfg = Debug|Any CPU
		{613210EB-7D14-479F-907D-9CBA098977AA}.Debug|Any CPU.Build.0 = Debug|Any CPU
		{613210EB-7D14-479F-907D-9CBA098977AA}.Release|Any CPU.ActiveCfg = Release|Any CPU
		{613210EB-7D14-479F-907D-9CBA098977AA}.Release|Any CPU.Build.0 = Release|Any CPU
		{6F5B93B6-8E80-48C3-BC8E-F2C535C80A9A}.Debug|Any CPU.ActiveCfg = Debug|Any CPU
		{6F5B93B6-8E80-48C3-BC8E-F2C535C80A9A}.Debug|Any CPU.Build.0 = Debug|Any CPU
		{6F5B93B6-8E80-48C3-BC8E-F2C535C80A9A}.Release|Any CPU.ActiveCfg = Release|Any CPU
		{6F5B93B6-8E80-48C3-BC8E-F2C535C80A9A}.Release|Any CPU.Build.0 = Release|Any CPU
	EndGlobalSection
	GlobalSection(SolutionProperties) = preSolution
		HideSolutionNode = FALSE
	EndGlobalSection
EndGlobal
